
Microsoft Visual Studio Solution File, Format Version 12.00
# Visual Studio Version 16
VisualStudioVersion = 16.0.29306.81
MinimumVisualStudioVersion = 10.0.40219.1
Project("{FAE04EC0-301F-11D3-BF4B-00C04F79EFBC}") = "Guía_Práctica_No._7", "Guía_Práctica_No._7\Guía_Práctica_No._7.csproj", "{EDC718DE-7221-4C6A-88C2-DD89C83524F9}"
EndProject
Project("{FAE04EC0-301F-11D3-BF4B-00C04F79EFBC}") = "MVC-CRUD-DiplomadoUASD.Models", "MVC-CRUD-DiplomadoUASD.Models\MVC-CRUD-DiplomadoUASD.Models.csproj", "{297AA17F-D59C-4DE5-9DCC-A6E6D9B46EA9}"
EndProject
Global
	GlobalSection(SolutionConfigurationPlatforms) = preSolution
		Debug|Any CPU = Debug|Any CPU
		Release|Any CPU = Release|Any CPU
	EndGlobalSection
	GlobalSection(ProjectConfigurationPlatforms) = postSolution
		{EDC718DE-7221-4C6A-88C2-DD89C83524F9}.Debug|Any CPU.ActiveCfg = Debug|Any CPU
		{EDC718DE-7221-4C6A-88C2-DD89C83524F9}.Debug|Any CPU.Build.0 = Debug|Any CPU
		{EDC718DE-7221-4C6A-88C2-DD89C83524F9}.Release|Any CPU.ActiveCfg = Release|Any CPU
		{EDC718DE-7221-4C6A-88C2-DD89C83524F9}.Release|Any CPU.Build.0 = Release|Any CPU
		{297AA17F-D59C-4DE5-9DCC-A6E6D9B46EA9}.Debug|Any CPU.ActiveCfg = Debug|Any CPU
		{297AA17F-D59C-4DE5-9DCC-A6E6D9B46EA9}.Debug|Any CPU.Build.0 = Debug|Any CPU
		{297AA17F-D59C-4DE5-9DCC-A6E6D9B46EA9}.Release|Any CPU.ActiveCfg = Release|Any CPU
		{297AA17F-D59C-4DE5-9DCC-A6E6D9B46EA9}.Release|Any CPU.Build.0 = Release|Any CPU
	EndGlobalSection
	GlobalSection(SolutionProperties) = preSolution
		HideSolutionNode = FALSE
	EndGlobalSection
	GlobalSection(ExtensibilityGlobals) = postSolution
		SolutionGuid = {13D404E2-65AD-4166-AAC0-CA8D694D6629}
	EndGlobalSection
EndGlobal
